{
  "originHash" : "66d0ac32b7aac526a259aa30b84223bbc0c1cf8a85c677214da8e6b7cc49d0b4",
  "pins" : [
    {
      "identity" : "dbus-swift",
      "kind" : "remoteSourceControl",
      "location" : "https://github.com/suransea/dbus-swift",
      "state" : {
        "revision" : "9b17cce66bd67a75a88e5f609bd227dc5069cbb1",
        "version" : "0.0.5"
      }
    },
    {
      "identity" : "mpris-swift",
      "kind" : "remoteSourceControl",
      "location" : "https://github.com/suransea/mpris-swift",
      "state" : {
        "revision" : "d26710a311b7cafc5ea6f448de98f65d8e4badbe",
        "version" : "1.0.0"
      }
    },
    {
      "identity" : "spotifyioswrapper",
      "kind" : "remoteSourceControl",
      "location" : "https://github.com/ddddxxx/SpotifyiOSWrapper",
      "state" : {
        "revision" : "4852515d10f781670884971d0cd9bf203b709e6d",
        "version" : "1.2.4"
      }
    }
  ],
  "version" : 3
}
